
Microsoft Visual Studio Solution File, Format Version 12.00
# Visual Studio Version 17
VisualStudioVersion = 17.4.33110.190
MinimumVisualStudioVersion = 10.0.40219.1
Project("{2150E333-8FDC-42A3-9474-1A3956D46DE8}") = "src", "src", "{2D27B085-7058-4589-A387-DA434F1CFC0A}"
EndProject
Project("{2150E333-8FDC-42A3-9474-1A3956D46DE8}") = "test", "test", "{C5AE5AB5-77BF-4238-8FB3-350AE5305A32}"
EndProject
Project("{2150E333-8FDC-42A3-9474-1A3956D46DE8}") = "docs", "docs", "{FF6A0FDC-6E4C-4FF8-8636-2A94C40CC278}"
EndProject
Project("{2150E333-8FDC-42A3-9474-1A3956D46DE8}") = "images", "images", "{33ED981D-C497-448E-8584-71CFFAAEB7D4}"
	ProjectSection(SolutionItems) = preProject
		docs\images\LSCodePackageIcon.png = docs\images\LSCodePackageIcon.png
	EndProjectSection
EndProject
Project("{2150E333-8FDC-42A3-9474-1A3956D46DE8}") = "#Solution Items", "#Solution Items", "{CEDFE6DF-5C73-40AA-9965-AA4DAE9634F5}"
	ProjectSection(SolutionItems) = preProject
		.editorconfig = .editorconfig
		.gitignore = .gitignore
		LICENSE = LICENSE
		README.md = README.md
	EndProjectSection
EndProject
Project("{FAE04EC0-301F-11D3-BF4B-00C04F79EFBC}") = "LSCode.Notifications", "src\LSCode.Notifcations\LSCode.Notifications.csproj", "{D44B47BE-0EB6-4A61-889D-5836582050C6}"
EndProject
Project("{FAE04EC0-301F-11D3-BF4B-00C04F79EFBC}") = "Test.Unit", "test\Test.Unit\Test.Unit.csproj", "{6DF48380-CBC8-44B8-8112-414B86B39CAF}"
EndProject
Global
	GlobalSection(SolutionConfigurationPlatforms) = preSolution
		Debug|Any CPU = Debug|Any CPU
		Release|Any CPU = Release|Any CPU
	EndGlobalSection
	GlobalSection(ProjectConfigurationPlatforms) = postSolution
		{D44B47BE-0EB6-4A61-889D-5836582050C6}.Debug|Any CPU.ActiveCfg = Debug|Any CPU
		{D44B47BE-0EB6-4A61-889D-5836582050C6}.Debug|Any CPU.Build.0 = Debug|Any CPU
		{D44B47BE-0EB6-4A61-889D-5836582050C6}.Release|Any CPU.ActiveCfg = Release|Any CPU
		{D44B47BE-0EB6-4A61-889D-5836582050C6}.Release|Any CPU.Build.0 = Release|Any CPU
		{6DF48380-CBC8-44B8-8112-414B86B39CAF}.Debug|Any CPU.ActiveCfg = Debug|Any CPU
		{6DF48380-CBC8-44B8-8112-414B86B39CAF}.Debug|Any CPU.Build.0 = Debug|Any CPU
		{6DF48380-CBC8-44B8-8112-414B86B39CAF}.Release|Any CPU.ActiveCfg = Release|Any CPU
		{6DF48380-CBC8-44B8-8112-414B86B39CAF}.Release|Any CPU.Build.0 = Release|Any CPU
	EndGlobalSection
	GlobalSection(SolutionProperties) = preSolution
		HideSolutionNode = FALSE
	EndGlobalSection
	GlobalSection(NestedProjects) = preSolution
		{33ED981D-C497-448E-8584-71CFFAAEB7D4} = {FF6A0FDC-6E4C-4FF8-8636-2A94C40CC278}
		{D44B47BE-0EB6-4A61-889D-5836582050C6} = {2D27B085-7058-4589-A387-DA434F1CFC0A}
		{6DF48380-CBC8-44B8-8112-414B86B39CAF} = {C5AE5AB5-77BF-4238-8FB3-350AE5305A32}
	EndGlobalSection
	GlobalSection(ExtensibilityGlobals) = postSolution
		SolutionGuid = {295F2150-A842-4BF8-AD3D-E36A42A040BD}
	EndGlobalSection
EndGlobal
