
Microsoft Visual Studio Solution File, Format Version 12.00
# Visual Studio Version 17
VisualStudioVersion = 17.4.33110.190
MinimumVisualStudioVersion = 10.0.40219.1
Project("{FAE04EC0-301F-11D3-BF4B-00C04F79EFBC}") = "LSCode.Notifiable", "LSCode.Notifiable\LSCode.Notifiable.csproj", "{AADA2857-48FC-4F02-B50A-521460EFD841}"
EndProject
Project("{2150E333-8FDC-42A3-9474-1A3956D46DE8}") = "1 - Lib", "1 - Lib", "{2D27B085-7058-4589-A387-DA434F1CFC0A}"
EndProject
Project("{2150E333-8FDC-42A3-9474-1A3956D46DE8}") = "2 - Test", "2 - Test", "{C5AE5AB5-77BF-4238-8FB3-350AE5305A32}"
EndProject
Project("{FAE04EC0-301F-11D3-BF4B-00C04F79EFBC}") = "LSCode.Notifiable.Unit.Test", "..\..\test\LSCode.Notifiable.Unit.Test\LSCode.Notifiable.Unit.Test.csproj", "{12137008-A37D-44F7-941B-87CBB0D77E31}"
EndProject
Global
	GlobalSection(SolutionConfigurationPlatforms) = preSolution
		Debug|Any CPU = Debug|Any CPU
		Release|Any CPU = Release|Any CPU
	EndGlobalSection
	GlobalSection(ProjectConfigurationPlatforms) = postSolution
		{AADA2857-48FC-4F02-B50A-521460EFD841}.Debug|Any CPU.ActiveCfg = Debug|Any CPU
		{AADA2857-48FC-4F02-B50A-521460EFD841}.Debug|Any CPU.Build.0 = Debug|Any CPU
		{AADA2857-48FC-4F02-B50A-521460EFD841}.Release|Any CPU.ActiveCfg = Release|Any CPU
		{AADA2857-48FC-4F02-B50A-521460EFD841}.Release|Any CPU.Build.0 = Release|Any CPU
		{12137008-A37D-44F7-941B-87CBB0D77E31}.Debug|Any CPU.ActiveCfg = Debug|Any CPU
		{12137008-A37D-44F7-941B-87CBB0D77E31}.Debug|Any CPU.Build.0 = Debug|Any CPU
		{12137008-A37D-44F7-941B-87CBB0D77E31}.Release|Any CPU.ActiveCfg = Release|Any CPU
		{12137008-A37D-44F7-941B-87CBB0D77E31}.Release|Any CPU.Build.0 = Release|Any CPU
	EndGlobalSection
	GlobalSection(SolutionProperties) = preSolution
		HideSolutionNode = FALSE
	EndGlobalSection
	GlobalSection(NestedProjects) = preSolution
		{AADA2857-48FC-4F02-B50A-521460EFD841} = {2D27B085-7058-4589-A387-DA434F1CFC0A}
		{12137008-A37D-44F7-941B-87CBB0D77E31} = {C5AE5AB5-77BF-4238-8FB3-350AE5305A32}
	EndGlobalSection
	GlobalSection(ExtensibilityGlobals) = postSolution
		SolutionGuid = {295F2150-A842-4BF8-AD3D-E36A42A040BD}
	EndGlobalSection
EndGlobal
